
Microsoft Visual Studio Solution File, Format Version 12.00
# Visual Studio Version 16
VisualStudioVersion = 16.0.31410.357
MinimumVisualStudioVersion = 10.0.40219.1
Project("{FAE04EC0-301F-11D3-BF4B-00C04F79EFBC}") = "Easy-Fetch", "Easy-Fetch.csproj", "{DA1E7683-4F60-4647-B2E9-1C6F2A7B61B8}"
EndProject
Project("{9A19103F-16F7-4668-BE54-9A1E7A4F7556}") = "StoreLib", "..\StoreLibnew\StoreLib\StoreLib.csproj", "{654A0023-FBD5-4B83-848A-997D3B8827F2}"
EndProject
Global
	GlobalSection(SolutionConfigurationPlatforms) = preSolution
		Debug|Any CPU = Debug|Any CPU
		Debug|ARM = Debug|ARM
		Debug|ARM64 = Debug|ARM64
		Debug|x64 = Debug|x64
		Debug|x86 = Debug|x86
		Release|Any CPU = Release|Any CPU
		Release|ARM = Release|ARM
		Release|ARM64 = Release|ARM64
		Release|x64 = Release|x64
		Release|x86 = Release|x86
		RootDebug|Any CPU = RootDebug|Any CPU
		RootDebug|ARM = RootDebug|ARM
		RootDebug|ARM64 = RootDebug|ARM64
		RootDebug|x64 = RootDebug|x64
		RootDebug|x86 = RootDebug|x86
		RootRelease|Any CPU = RootRelease|Any CPU
		RootRelease|ARM = RootRelease|ARM
		RootRelease|ARM64 = RootRelease|ARM64
		RootRelease|x64 = RootRelease|x64
		RootRelease|x86 = RootRelease|x86
	EndGlobalSection
	GlobalSection(ProjectConfigurationPlatforms) = postSolution
		{DA1E7683-4F60-4647-B2E9-1C6F2A7B61B8}.Debug|Any CPU.ActiveCfg = Debug|x86
		{DA1E7683-4F60-4647-B2E9-1C6F2A7B61B8}.Debug|ARM.ActiveCfg = Debug|ARM
		{DA1E7683-4F60-4647-B2E9-1C6F2A7B61B8}.Debug|ARM.Build.0 = Debug|ARM
		{DA1E7683-4F60-4647-B2E9-1C6F2A7B61B8}.Debug|ARM.Deploy.0 = Debug|ARM
		{DA1E7683-4F60-4647-B2E9-1C6F2A7B61B8}.Debug|ARM64.ActiveCfg = Debug|Any CPU
		{DA1E7683-4F60-4647-B2E9-1C6F2A7B61B8}.Debug|ARM64.Build.0 = Debug|Any CPU
		{DA1E7683-4F60-4647-B2E9-1C6F2A7B61B8}.Debug|ARM64.Deploy.0 = Debug|Any CPU
		{DA1E7683-4F60-4647-B2E9-1C6F2A7B61B8}.Debug|x64.ActiveCfg = Debug|x64
		{DA1E7683-4F60-4647-B2E9-1C6F2A7B61B8}.Debug|x64.Build.0 = Debug|x64
		{DA1E7683-4F60-4647-B2E9-1C6F2A7B61B8}.Debug|x64.Deploy.0 = Debug|x64
		{DA1E7683-4F60-4647-B2E9-1C6F2A7B61B8}.Debug|x86.ActiveCfg = Debug|x86
		{DA1E7683-4F60-4647-B2E9-1C6F2A7B61B8}.Debug|x86.Build.0 = Debug|x86
		{DA1E7683-4F60-4647-B2E9-1C6F2A7B61B8}.Debug|x86.Deploy.0 = Debug|x86
		{DA1E7683-4F60-4647-B2E9-1C6F2A7B61B8}.Release|Any CPU.ActiveCfg = Release|x86
		{DA1E7683-4F60-4647-B2E9-1C6F2A7B61B8}.Release|ARM.ActiveCfg = Release|ARM
		{DA1E7683-4F60-4647-B2E9-1C6F2A7B61B8}.Release|ARM.Build.0 = Release|ARM
		{DA1E7683-4F60-4647-B2E9-1C6F2A7B61B8}.Release|ARM.Deploy.0 = Release|ARM
		{DA1E7683-4F60-4647-B2E9-1C6F2A7B61B8}.Release|ARM64.ActiveCfg = Release|Any CPU
		{DA1E7683-4F60-4647-B2E9-1C6F2A7B61B8}.Release|ARM64.Build.0 = Release|Any CPU
		{DA1E7683-4F60-4647-B2E9-1C6F2A7B61B8}.Release|ARM64.Deploy.0 = Release|Any CPU
		{DA1E7683-4F60-4647-B2E9-1C6F2A7B61B8}.Release|x64.ActiveCfg = Release|x64
		{DA1E7683-4F60-4647-B2E9-1C6F2A7B61B8}.Release|x64.Build.0 = Release|x64
		{DA1E7683-4F60-4647-B2E9-1C6F2A7B61B8}.Release|x64.Deploy.0 = Release|x64
		{DA1E7683-4F60-4647-B2E9-1C6F2A7B61B8}.Release|x86.ActiveCfg = Release|x86
		{DA1E7683-4F60-4647-B2E9-1C6F2A7B61B8}.Release|x86.Build.0 = Release|x86
		{DA1E7683-4F60-4647-B2E9-1C6F2A7B61B8}.Release|x86.Deploy.0 = Release|x86
		{DA1E7683-4F60-4647-B2E9-1C6F2A7B61B8}.RootDebug|Any CPU.ActiveCfg = Debug|Any CPU
		{DA1E7683-4F60-4647-B2E9-1C6F2A7B61B8}.RootDebug|Any CPU.Build.0 = Debug|Any CPU
		{DA1E7683-4F60-4647-B2E9-1C6F2A7B61B8}.RootDebug|Any CPU.Deploy.0 = Debug|Any CPU
		{DA1E7683-4F60-4647-B2E9-1C6F2A7B61B8}.RootDebug|ARM.ActiveCfg = Debug|ARM
		{DA1E7683-4F60-4647-B2E9-1C6F2A7B61B8}.RootDebug|ARM.Build.0 = Debug|ARM
		{DA1E7683-4F60-4647-B2E9-1C6F2A7B61B8}.RootDebug|ARM.Deploy.0 = Debug|ARM
		{DA1E7683-4F60-4647-B2E9-1C6F2A7B61B8}.RootDebug|ARM64.ActiveCfg = Debug|Any CPU
		{DA1E7683-4F60-4647-B2E9-1C6F2A7B61B8}.RootDebug|ARM64.Build.0 = Debug|Any CPU
		{DA1E7683-4F60-4647-B2E9-1C6F2A7B61B8}.RootDebug|ARM64.Deploy.0 = Debug|Any CPU
		{DA1E7683-4F60-4647-B2E9-1C6F2A7B61B8}.RootDebug|x64.ActiveCfg = Debug|x64
		{DA1E7683-4F60-4647-B2E9-1C6F2A7B61B8}.RootDebug|x64.Build.0 = Debug|x64
		{DA1E7683-4F60-4647-B2E9-1C6F2A7B61B8}.RootDebug|x64.Deploy.0 = Debug|x64
		{DA1E7683-4F60-4647-B2E9-1C6F2A7B61B8}.RootDebug|x86.ActiveCfg = Debug|x86
		{DA1E7683-4F60-4647-B2E9-1C6F2A7B61B8}.RootDebug|x86.Build.0 = Debug|x86
		{DA1E7683-4F60-4647-B2E9-1C6F2A7B61B8}.RootDebug|x86.Deploy.0 = Debug|x86
		{DA1E7683-4F60-4647-B2E9-1C6F2A7B61B8}.RootRelease|Any CPU.ActiveCfg = Release|Any CPU
		{DA1E7683-4F60-4647-B2E9-1C6F2A7B61B8}.RootRelease|Any CPU.Build.0 = Release|Any CPU
		{DA1E7683-4F60-4647-B2E9-1C6F2A7B61B8}.RootRelease|Any CPU.Deploy.0 = Release|Any CPU
		{DA1E7683-4F60-4647-B2E9-1C6F2A7B61B8}.RootRelease|ARM.ActiveCfg = Release|ARM
		{DA1E7683-4F60-4647-B2E9-1C6F2A7B61B8}.RootRelease|ARM.Build.0 = Release|ARM
		{DA1E7683-4F60-4647-B2E9-1C6F2A7B61B8}.RootRelease|ARM.Deploy.0 = Release|ARM
		{DA1E7683-4F60-4647-B2E9-1C6F2A7B61B8}.RootRelease|ARM64.ActiveCfg = Release|Any CPU
		{DA1E7683-4F60-4647-B2E9-1C6F2A7B61B8}.RootRelease|ARM64.Build.0 = Release|Any CPU
		{DA1E7683-4F60-4647-B2E9-1C6F2A7B61B8}.RootRelease|ARM64.Deploy.0 = Release|Any CPU
		{DA1E7683-4F60-4647-B2E9-1C6F2A7B61B8}.RootRelease|x64.ActiveCfg = Release|x64
		{DA1E7683-4F60-4647-B2E9-1C6F2A7B61B8}.RootRelease|x64.Build.0 = Release|x64
		{DA1E7683-4F60-4647-B2E9-1C6F2A7B61B8}.RootRelease|x64.Deploy.0 = Release|x64
		{DA1E7683-4F60-4647-B2E9-1C6F2A7B61B8}.RootRelease|x86.ActiveCfg = Release|x86
		{DA1E7683-4F60-4647-B2E9-1C6F2A7B61B8}.RootRelease|x86.Build.0 = Release|x86
		{DA1E7683-4F60-4647-B2E9-1C6F2A7B61B8}.RootRelease|x86.Deploy.0 = Release|x86
		{654A0023-FBD5-4B83-848A-997D3B8827F2}.Debug|Any CPU.ActiveCfg = Debug|Any CPU
		{654A0023-FBD5-4B83-848A-997D3B8827F2}.Debug|Any CPU.Build.0 = Debug|Any CPU
		{654A0023-FBD5-4B83-848A-997D3B8827F2}.Debug|ARM.ActiveCfg = Debug|ARM
		{654A0023-FBD5-4B83-848A-997D3B8827F2}.Debug|ARM.Build.0 = Debug|ARM
		{654A0023-FBD5-4B83-848A-997D3B8827F2}.Debug|ARM64.ActiveCfg = Debug|ARM64
		{654A0023-FBD5-4B83-848A-997D3B8827F2}.Debug|ARM64.Build.0 = Debug|ARM64
		{654A0023-FBD5-4B83-848A-997D3B8827F2}.Debug|x64.ActiveCfg = Debug|x64
		{654A0023-FBD5-4B83-848A-997D3B8827F2}.Debug|x64.Build.0 = Debug|x64
		{654A0023-FBD5-4B83-848A-997D3B8827F2}.Debug|x86.ActiveCfg = Debug|x86
		{654A0023-FBD5-4B83-848A-997D3B8827F2}.Debug|x86.Build.0 = Debug|x86
		{654A0023-FBD5-4B83-848A-997D3B8827F2}.Release|Any CPU.ActiveCfg = Release|Any CPU
		{654A0023-FBD5-4B83-848A-997D3B8827F2}.Release|Any CPU.Build.0 = Release|Any CPU
		{654A0023-FBD5-4B83-848A-997D3B8827F2}.Release|ARM.ActiveCfg = Release|ARM
		{654A0023-FBD5-4B83-848A-997D3B8827F2}.Release|ARM.Build.0 = Release|ARM
		{654A0023-FBD5-4B83-848A-997D3B8827F2}.Release|ARM64.ActiveCfg = Release|ARM64
		{654A0023-FBD5-4B83-848A-997D3B8827F2}.Release|ARM64.Build.0 = Release|ARM64
		{654A0023-FBD5-4B83-848A-997D3B8827F2}.Release|x64.ActiveCfg = Release|x64
		{654A0023-FBD5-4B83-848A-997D3B8827F2}.Release|x64.Build.0 = Release|x64
		{654A0023-FBD5-4B83-848A-997D3B8827F2}.Release|x86.ActiveCfg = Release|x86
		{654A0023-FBD5-4B83-848A-997D3B8827F2}.Release|x86.Build.0 = Release|x86
		{654A0023-FBD5-4B83-848A-997D3B8827F2}.RootDebug|Any CPU.ActiveCfg = Debug|Any CPU
		{654A0023-FBD5-4B83-848A-997D3B8827F2}.RootDebug|Any CPU.Build.0 = Debug|Any CPU
		{654A0023-FBD5-4B83-848A-997D3B8827F2}.RootDebug|ARM.ActiveCfg = Debug|ARM
		{654A0023-FBD5-4B83-848A-997D3B8827F2}.RootDebug|ARM.Build.0 = Debug|ARM
		{654A0023-FBD5-4B83-848A-997D3B8827F2}.RootDebug|ARM64.ActiveCfg = Debug|ARM64
		{654A0023-FBD5-4B83-848A-997D3B8827F2}.RootDebug|ARM64.Build.0 = Debug|ARM64
		{654A0023-FBD5-4B83-848A-997D3B8827F2}.RootDebug|x64.ActiveCfg = Debug|x64
		{654A0023-FBD5-4B83-848A-997D3B8827F2}.RootDebug|x64.Build.0 = Debug|x64
		{654A0023-FBD5-4B83-848A-997D3B8827F2}.RootDebug|x86.ActiveCfg = Debug|x86
		{654A0023-FBD5-4B83-848A-997D3B8827F2}.RootDebug|x86.Build.0 = Debug|x86
		{654A0023-FBD5-4B83-848A-997D3B8827F2}.RootRelease|Any CPU.ActiveCfg = Release|Any CPU
		{654A0023-FBD5-4B83-848A-997D3B8827F2}.RootRelease|Any CPU.Build.0 = Release|Any CPU
		{654A0023-FBD5-4B83-848A-997D3B8827F2}.RootRelease|ARM.ActiveCfg = Release|ARM
		{654A0023-FBD5-4B83-848A-997D3B8827F2}.RootRelease|ARM.Build.0 = Release|ARM
		{654A0023-FBD5-4B83-848A-997D3B8827F2}.RootRelease|ARM64.ActiveCfg = Release|ARM64
		{654A0023-FBD5-4B83-848A-997D3B8827F2}.RootRelease|ARM64.Build.0 = Release|ARM64
		{654A0023-FBD5-4B83-848A-997D3B8827F2}.RootRelease|x64.ActiveCfg = Release|x64
		{654A0023-FBD5-4B83-848A-997D3B8827F2}.RootRelease|x64.Build.0 = Release|x64
		{654A0023-FBD5-4B83-848A-997D3B8827F2}.RootRelease|x86.ActiveCfg = Release|x86
		{654A0023-FBD5-4B83-848A-997D3B8827F2}.RootRelease|x86.Build.0 = Release|x86
	EndGlobalSection
	GlobalSection(SolutionProperties) = preSolution
		HideSolutionNode = FALSE
	EndGlobalSection
	GlobalSection(ExtensibilityGlobals) = postSolution
		SolutionGuid = {AD8DEE17-BFA0-4D43-A83B-46F95169F80A}
	EndGlobalSection
EndGlobal
